PODS:
  - ActionSheetPicker-3.0 (2.7.1)
  - AKNumericFormatter (0.0.2)
  - Alamofire (5.2.2)
  - AlamofireImage (4.1.0):
    - Alamofire (~> 5.1)
  - ASAudioWaveformView (1.0.4)
  - Charts (3.6.0):
    - Charts/Core (= 3.6.0)
  - Charts/Core (3.6.0)
  - Codextended (0.3.0)
  - Cosmos (23.0.0)
  - CropViewController (2.6.0)
  - CRRefresh (1.1.3)
  - DKCamera (1.6.7)
  - DKImagePickerController (4.3.2):
    - DKImagePickerController/Camera (= 4.3.2)
    - DKImagePickerController/Core (= 4.3.2)
    - DKImagePickerController/ImageDataManager (= 4.3.2)
    - DKImagePickerController/InlineCamera (= 4.3.2)
    - DKImagePickerController/PhotoEditor (= 4.3.2)
    - DKImagePickerController/PhotoGallery (= 4.3.2)
    - DKImagePickerController/Resource (= 4.3.2)
  - DKImagePickerController/Camera (4.3.2):
    - DKCamera
    - DKImagePickerController/Core
  - DKImagePickerController/Core (4.3.2):
    - DKImagePickerController/ImageDataManager
    - DKImagePickerController/Resource
  - DKImagePickerController/ImageDataManager (4.3.2)
  - DKImagePickerController/InlineCamera (4.3.2):
    - DKCamera
    - DKImagePickerController/Core
  - DKImagePickerController/PhotoEditor (4.3.2):
    - CropViewController (~> 2.5)
    - DKImagePickerController/Core
  - DKImagePickerController/PhotoGallery (4.3.2):
    - DKImagePickerController/Core
    - DKPhotoGallery
  - DKImagePickerController/Resource (4.3.2)
  - DKPhotoGallery (0.0.17):
    - DKPhotoGallery/Core (= 0.0.17)
    - DKPhotoGallery/Model (= 0.0.17)
    - DKPhotoGallery/Preview (= 0.0.17)
    - DKPhotoGallery/Resource (= 0.0.17)
    - SDWebImage
    - SwiftyGif
  - DKPhotoGallery/Core (0.0.17):
    - DKPhotoGallery/Model
    - DKPhotoGallery/Preview
    - SDWebImage
    - SwiftyGif
  - DKPhotoGallery/Model (0.0.17):
    - SDWebImage
    - SwiftyGif
  - DKPhotoGallery/Preview (0.0.17):
    - DKPhotoGallery/Model
    - DKPhotoGallery/Resource
    - SDWebImage
    - SwiftyGif
  - DKPhotoGallery/Resource (0.0.17):
    - SDWebImage
    - SwiftyGif
  - DropDown (2.3.13)
  - DZNEmptyDataSet (1.8.1)
  - EasyTipView (2.1.0)
  - Eureka (5.3.3)
  - FDWaveformView (5.0.1)
  - Firebase (2.5.1)
  - FirebaseAnalyticsInterop (1.5.0)
  - FirebaseAuth (6.4.2):
    - FirebaseAuthInterop (~> 1.0)
    - FirebaseCore (~> 6.2)
    - GoogleUtilities/AppDelegateSwizzler (~> 6.2)
    - GoogleUtilities/Environment (~> 6.2)
    - GTMSessionFetcher/Core (~> 1.1)
  - FirebaseAuthInterop (1.1.0)
  - FirebaseCore (6.5.0):
    - FirebaseCoreDiagnostics (~> 1.0)
    - FirebaseCoreDiagnosticsInterop (~> 1.0)
    - GoogleUtilities/Environment (~> 6.4)
    - GoogleUtilities/Logger (~> 6.4)
  - FirebaseCoreDiagnostics (1.7.0):
    - GoogleDataTransport (~> 7.4)
    - GoogleUtilities/Environment (~> 6.7)
    - GoogleUtilities/Logger (~> 6.7)
    - nanopb (~> 1.30906.0)
  - FirebaseCoreDiagnosticsInterop (1.2.0)
  - FirebaseInstanceID (4.2.8):
    - FirebaseCore (~> 6.5)
    - GoogleUtilities/Environment (~> 6.4)
    - GoogleUtilities/UserDefaults (~> 6.4)
  - FirebaseMessaging (4.1.10):
    - FirebaseAnalyticsInterop (~> 1.3)
    - FirebaseCore (~> 6.2)
    - FirebaseInstanceID (~> 4.1)
    - GoogleUtilities/AppDelegateSwizzler (~> 6.2)
    - GoogleUtilities/Environment (~> 6.2)
    - GoogleUtilities/Reachability (~> 6.2)
    - GoogleUtilities/UserDefaults (~> 6.2)
    - Protobuf (>= 3.9.2, ~> 3.9)
  - FSPagerView (0.8.3)
  - GoogleDataTransport (7.5.1):
    - nanopb (~> 1.30906.0)
  - GoogleMaps (3.1.0):
    - GoogleMaps/Maps (= 3.1.0)
  - GoogleMaps/Base (3.1.0)
  - GoogleMaps/Maps (3.1.0):
    - GoogleMaps/Base
  - GooglePlacePicker (3.1.0):
    - GoogleMaps (= 3.1.0)
    - GooglePlaces (= 3.1.0)
  - GooglePlaces (3.1.0):
    - GoogleMaps/Base (= 3.1.0)
  - GoogleUtilities/AppDelegateSwizzler (6.7.2):
    - GoogleUtilities/Environment
    - GoogleUtilities/Logger
    - GoogleUtilities/Network
  - GoogleUtilities/Environment (6.7.2):
    - PromisesObjC (~> 1.2)
  - GoogleUtilities/Logger (6.7.2):
    - GoogleUtilities/Environment
  - GoogleUtilities/Network (6.7.2):
    - GoogleUtilities/Logger
    - "GoogleUtilities/NSData+zlib"
    - GoogleUtilities/Reachability
  - "GoogleUtilities/NSData+zlib (6.7.2)"
  - GoogleUtilities/Reachability (6.7.2):
    - GoogleUtilities/Logger
  - GoogleUtilities/UserDefaults (6.7.2):
    - GoogleUtilities/Logger
  - GTMSessionFetcher/Core (1.6.1)
  - HGCircularSlider (2.2.0)
  - IQKeyboardManagerSwift (6.5.6)
  - KeychainSwift (19.0.0)
  - Kingfisher (5.12.0):
    - Kingfisher/Core (= 5.12.0)
  - Kingfisher/Core (5.12.0)
  - MBProgressHUD (1.2.0)
  - nanopb (1.30906.0):
    - nanopb/decode (= 1.30906.0)
    - nanopb/encode (= 1.30906.0)
  - nanopb/decode (1.30906.0)
  - nanopb/encode (1.30906.0)
  - NVActivityIndicatorView (5.1.1):
    - NVActivityIndicatorView/Base (= 5.1.1)
  - NVActivityIndicatorView/Base (5.1.1)
  - PhotoSlider (1.2.0):
    - Kingfisher
  - PromisesObjC (1.2.12)
  - Protobuf (3.17.0)
  - Realm (4.3.2):
    - Realm/Headers (= 4.3.2)
  - Realm/Headers (4.3.2)
  - RealmSwift (4.3.2):
    - Realm (= 4.3.2)
  - RETrimControl (1.2)
  - RxCocoa (6.2.0):
    - RxRelay (= 6.2.0)
    - RxSwift (= 6.2.0)
  - RxRelay (6.2.0):
    - RxSwift (= 6.2.0)
  - RxSwift (6.2.0)
  - SDWebImage (5.11.1):
    - SDWebImage/Core (= 5.11.1)
  - SDWebImage/Core (5.11.1)
  - SideMenu (6.5.0)
  - SKPhotoBrowser (6.1.0)
  - SkyFloatingLabelTextField (4.0.0)
  - SnapKit (5.0.1)
  - SVPinView (1.0.11)
  - SVProgressHUD (2.2.5)
  - SwiftDate (6.3.1)
  - SwiftGen (6.4.0)
  - SwiftPullToRefresh (3.1.1)
  - SwiftyGif (5.4.0)
  - SwiftyJSON (5.0.1)
  - SwiftyStoreKit (0.16.1)
  - Toast-Swift (4.0.1)
  - UIDropDown (1.1.1)
  - ViewAnimator (3.1.0)
  - WMSegmentControl (2.2)

DEPENDENCIES:
  - ActionSheetPicker-3.0
  - AKNumericFormatter
  - Alamofire (~> 5.2.2)
  - AlamofireImage (~> 4.1.0)
  - ASAudioWaveformView
  - Charts
  - Codextended
  - Cosmos
  - CRRefresh
  - DKImagePickerController
  - DropDown
  - DZNEmptyDataSet
  - EasyTipView
  - Eureka
  - FDWaveformView
  - Firebase
  - FirebaseAuth (~> 6.4.1)
  - FirebaseCore (~> 6.5.0)
  - FirebaseMessaging (~> 4.1.10)
  - FSPagerView
  - GooglePlacePicker
  - GooglePlaces
  - HGCircularSlider
  - IQKeyboardManagerSwift
  - KeychainSwift (~> 19.0)
  - Kingfisher (~> 5.12.0)
  - MBProgressHUD
  - NVActivityIndicatorView
  - PhotoSlider
  - RealmSwift (~> 4.3.2)
  - RETrimControl (~> 1.2)
  - RxCocoa
  - RxSwift
  - SideMenu
  - SKPhotoBrowser
  - SkyFloatingLabelTextField
  - SnapKit
  - SVPinView
  - SVProgressHUD
  - SwiftDate
  - SwiftGen (~> 6.0)
  - SwiftPullToRefresh
  - SwiftyJSON
  - SwiftyStoreKit
  - Toast-Swift (~> 4.0.1)
  - UIDropDown
  - ViewAnimator
  - WMSegmentControl

SPEC REPOS:
  trunk:
    - ActionSheetPicker-3.0
    - AKNumericFormatter
    - Alamofire
    - AlamofireImage
    - ASAudioWaveformView
    - Charts
    - Codextended
    - Cosmos
    - CropViewController
    - CRRefresh
    - DKCamera
    - DKImagePickerController
    - DKPhotoGallery
    - DropDown
    - DZNEmptyDataSet
    - EasyTipView
    - Eureka
    - FDWaveformView
    - Firebase
    - FirebaseAnalyticsInterop
    - FirebaseAuth
    - FirebaseAuthInterop
    - FirebaseCore
    - FirebaseCoreDiagnostics
    - FirebaseCoreDiagnosticsInterop
    - FirebaseInstanceID
    - FirebaseMessaging
    - FSPagerView
    - GoogleDataTransport
    - GoogleMaps
    - GooglePlacePicker
    - GooglePlaces
    - GoogleUtilities
    - GTMSessionFetcher
    - HGCircularSlider
    - IQKeyboardManagerSwift
    - KeychainSwift
    - Kingfisher
    - MBProgressHUD
    - nanopb
    - NVActivityIndicatorView
    - PhotoSlider
    - PromisesObjC
    - Protobuf
    - Realm
    - RealmSwift
    - RETrimControl
    - RxCocoa
    - RxRelay
    - RxSwift
    - SDWebImage
    - SideMenu
    - SKPhotoBrowser
    - SkyFloatingLabelTextField
    - SnapKit
    - SVPinView
    - SVProgressHUD
    - SwiftDate
    - SwiftGen
    - SwiftPullToRefresh
    - SwiftyGif
    - SwiftyJSON
    - SwiftyStoreKit
    - Toast-Swift
    - UIDropDown
    - ViewAnimator
    - WMSegmentControl

SPEC CHECKSUMS:
  ActionSheetPicker-3.0: 36da254b97a09ff89679ecb8b8510bd3e5bdc773
  AKNumericFormatter: de969ab13c504dca7aa119b558a934ccdbd1e376
  Alamofire: 814429acc853c6c54ff123fc3d2ef66803823ce0
  AlamofireImage: c4a2ba349885fb3064feb74d2e547bd42ce9be10
  ASAudioWaveformView: 74c46a88a34dd0320a3f145a07df3d02d30ae6e9
  Charts: b1e3a1f5a1c9ba5394438ca3b91bd8c9076310af
  Codextended: f384271b8694376ad766ddbf2a011efbfdcee905
  Cosmos: b5c6a9a637e28a061b54c8f8b1d8529d7d4db73f
  CropViewController: 7093b39ec3cb508531b22d35773e06cecd7378d8
  CRRefresh: 1415d4ae06837fa7bb064c44f2e102f3ef517044
  DKCamera: a902b66921fca14b7a75266feb8c7568aa7caa71
  DKImagePickerController: b5eb7f7a388e4643264105d648d01f727110fc3d
  DKPhotoGallery: fdfad5125a9fdda9cc57df834d49df790dbb4179
  DropDown: 8a2116376c1981888557f72ec2ffc9a5e0e456ec
  DZNEmptyDataSet: 9525833b9e68ac21c30253e1d3d7076cc828eaa7
  EasyTipView: a92b6edc377b81c5ac18e9fd35d5ee78e9409488
  Eureka: e6d720290c56bb23333ad1a0e020b2a98a0e9a43
  FDWaveformView: c188be613947273cc83d6f0056505f60e6c4b9ac
  Firebase: 3565ea88b830f28f2c77ecc524622bc71a20d085
  FirebaseAnalyticsInterop: 3f86269c38ae41f47afeb43ebf32a001f58fcdae
  FirebaseAuth: ce45d7c5d46bed90159f3a73b6efbe8976ed3573
  FirebaseAuthInterop: a0f37ae05833af156e72028f648d313f7e7592e9
  FirebaseCore: 632e05cc5e1199d9147122c16d92305eb04c34bd
  FirebaseCoreDiagnostics: 770ac5958e1372ce67959ae4b4f31d8e127c3ac1
  FirebaseCoreDiagnosticsInterop: 296e2c5f5314500a850ad0b83e9e7c10b011a850
  FirebaseInstanceID: ce993a3c3670a8f5d47ce371ac5d143c560608c5
  FirebaseMessaging: 089b7a4991425783384acc8bcefcd78c0af913bd
  FSPagerView: 670405b2f18e2a87fa37f20b00de783e562c25a8
  GoogleDataTransport: f56af7caa4ed338dc8e138a5d7c5973e66440833
  GoogleMaps: 5c13302e6fe6bb6e686b267196586b91cd594225
  GooglePlacePicker: fa975116ac202ac29822c0a79758ea1c4db5a95f
  GooglePlaces: e874db179f2675c4f3eeda0b686b540273a578b0
  GoogleUtilities: 7f2f5a07f888cdb145101d6042bc4422f57e70b3
  GTMSessionFetcher: 36689134877faeb055b27dfa4ccc9ceaa42e029e
  HGCircularSlider: afb1942743a2df156dcc7a3500216e523e14266b
  IQKeyboardManagerSwift: c7df9d2deb356c04522f5c4b7b6e4ce4d8ed94fe
  KeychainSwift: a06190cf933ad46b1e0abc3d77d29c06331715c7
  Kingfisher: dc6e0f53bb5b12c3e75bedb0e01bbd7a640eea69
  MBProgressHUD: 3ee5efcc380f6a79a7cc9b363dd669c5e1ae7406
  nanopb: 59317e09cf1f1a0af72f12af412d54edf52603fc
  NVActivityIndicatorView: 1f6c5687f1171810aa27a3296814dc2d7dec3667
  PhotoSlider: 0d3c864ddf6edeb1027cb39911a26b3b707e9ba9
  PromisesObjC: 3113f7f76903778cf4a0586bd1ab89329a0b7b97
  Protobuf: 7327d4444215b5f18e560a97f879ff5503c4581c
  Realm: 5e92902e2875dff4bb0fd02f67bb737c3d5db2bc
  RealmSwift: 9a360fc7bae04fc2e308a34fbd899d5faa2d6b22
  RETrimControl: f415424c530469b116065d63661e3547d6377bf4
  RxCocoa: 4baf94bb35f2c0ab31bc0cb9f1900155f646ba42
  RxRelay: e72dbfd157807478401ef1982e1c61c945c94b2f
  RxSwift: d356ab7bee873611322f134c5f9ef379fa183d8f
  SDWebImage: a7f831e1a65eb5e285e3fb046a23fcfbf08e696d
  SideMenu: f583187d21c5b1dd04c72002be544b555a2627a2
  SKPhotoBrowser: 343de95d89dc7913763c5dda243cc6e606e4a168
  SkyFloatingLabelTextField: 79ddc40e4ad59707fedbb48d605417aee48bb78a
  SnapKit: 97b92857e3df3a0c71833cce143274bf6ef8e5eb
  SVPinView: 9b538d0ba68cdb092afe4f0f67ec84cbed079466
  SVProgressHUD: 1428aafac632c1f86f62aa4243ec12008d7a51d6
  SwiftDate: 72d28954e8e1c6c1c0f917ccc8005e4f83c7d4b2
  SwiftGen: 67860cc7c3cfc2ed25b9b74cfd55495fc89f9108
  SwiftPullToRefresh: f61d67439c5b8d66420fe57193cab8c279398e7a
  SwiftyGif: 5d4af95df24caf1c570dbbcb32a3b8a0763bc6d7
  SwiftyJSON: 2f33a42c6fbc52764d96f13368585094bfd8aa5e
  SwiftyStoreKit: 6b9c08810269f030586dac1fae8e75871a82e84a
  Toast-Swift: e42a638589a2f95036b4bb7626cfbdde7daf0393
  UIDropDown: 22e6e3e22d419884c8f21d95ea9be36aac905ed4
  ViewAnimator: a9ceed80266e00fd435ec4fb99b2df64d580d0e4
  WMSegmentControl: 4bb3a61e28cd0a0fcfcf932bec1f5795835b9f3f

PODFILE CHECKSUM: fc78fae2024f53f726fbe0bea0aa92575509ba00

COCOAPODS: 1.10.1
